
Microsoft Visual Studio Solution File, Format Version 12.00
# Visual Studio Version 18
VisualStudioVersion = 18.8.12009.203
MinimumVisualStudioVersion = 10.0.40219.1
Project("{FAE04EC0-301F-11D3-BF4B-00C04F79EFBC}") = "Notes Program", "Notes Program.csproj", "{A7950E0E-1AF6-40EC-A19F-25E5DA79EE81}"
EndProject
Project("{2150E333-8FDC-42A3-9474-1A3956D46DE8}") = "OtherProjects", "OtherProjects", "{7539DE1B-236F-4061-8A8A-4CEBB1AE2856}"
	ProjectSection(SolutionItems) = preProject
		OtherProjects\Other Projects = OtherProjects\Other Projects
	EndProjectSection
EndProject
Global
	GlobalSection(SolutionConfigurationPlatforms) = preSolution
		Debug|Any CPU = Debug|Any CPU
		Release|Any CPU = Release|Any CPU
	EndGlobalSection
	GlobalSection(ProjectConfigurationPlatforms) = postSolution
		{A7950E0E-1AF6-40EC-A19F-25E5DA79EE81}.Debug|Any CPU.ActiveCfg = Debug|Any CPU
		{A7950E0E-1AF6-40EC-A19F-25E5DA79EE81}.Debug|Any CPU.Build.0 = Debug|Any CPU
		{A7950E0E-1AF6-40EC-A19F-25E5DA79EE81}.Release|Any CPU.ActiveCfg = Release|Any CPU
		{A7950E0E-1AF6-40EC-A19F-25E5DA79EE81}.Release|Any CPU.Build.0 = Release|Any CPU
	EndGlobalSection
	GlobalSection(SolutionProperties) = preSolution
		HideSolutionNode = FALSE
	EndGlobalSection
	GlobalSection(ExtensibilityGlobals) = postSolution
		SolutionGuid = {CB5F0BAF-BB97-4EC0-AEB0-58FE848EA83F}
	EndGlobalSection
EndGlobal
